{
  "version": 4,
  "terraform_version": "1.2.4",
  "serial": 273,
  "lineage": "d59f5ee3-a753-ffa9-3192-16b93713b698",
  "outputs": {
    "private_subnets": {
      "value": [
        "subnet-01a146dc1286f8629",
        "subnet-0cb68bbeac6dcfc58"
      ],
      "type": [
        "tuple",
        [
          "string",
          "string"
        ]
      ]
    },
    "rds-proxy-endpoint": {
      "value": "rds-proxy.proxy-ctp4rqm4nz9h.ap-south-1.rds.amazonaws.com",
      "type": "string"
    },
    "vpc_id": {
      "value": "vpc-04fa1ba4583cceef5",
      "type": "string"
    }
  },
  "resources": [
    {
      "module": "module.cluster_creation",
      "mode": "data",
      "type": "aws_iam_policy_document",
      "name": "monitoring_rds_assume_role",
      "provider": "provider[\"registry.terraform.io/hashicorp/aws\"]",
      "instances": [
        {
          "schema_version": 0,
          "attributes": {
            "id": "1813475199",
            "json": "{\n  \"Version\": \"2012-10-17\",\n  \"Statement\": [\n    {\n      \"Sid\": \"\",\n      \"Effect\": \"Allow\",\n      \"Action\": \"sts:AssumeRole\",\n      \"Principal\": {\n        \"Service\": \"monitoring.rds.amazonaws.com\"\n      }\n    }\n  ]\n}",
            "override_json": null,
            "override_policy_documents": null,
            "policy_id": null,
            "source_json": null,
            "source_policy_documents": null,
            "statement": [
              {
                "actions": [
                  "sts:AssumeRole"
                ],
                "condition": [],
                "effect": "Allow",
                "not_actions": [],
                "not_principals": [],
                "not_resources": [],
                "principals": [
                  {
                    "identifiers": [
                      "monitoring.rds.amazonaws.com"
                    ],
                    "type": "Service"
                  }
                ],
                "resources": [],
                "sid": ""
              }
            ],
            "version": "2012-10-17"
          },
          "sensitive_attributes": []
        }
      ]
    },
    {
      "module": "module.cluster_creation",
      "mode": "data",
      "type": "aws_partition",
      "name": "current",
      "provider": "provider[\"registry.terraform.io/hashicorp/aws\"]",
      "instances": [
        {
          "schema_version": 0,
          "attributes": {
            "dns_suffix": "amazonaws.com",
            "id": "aws",
            "partition": "aws",
            "reverse_dns_prefix": "com.amazonaws"
          },
          "sensitive_attributes": []
        }
      ]
    },
    {
      "module": "module.cluster_creation",
      "mode": "managed",
      "type": "aws_db_subnet_group",
      "name": "this",
      "provider": "provider[\"registry.terraform.io/hashicorp/aws\"]",
      "instances": [
        {
          "index_key": 0,
          "schema_version": 0,
          "attributes": {
            "arn": "arn:aws:rds:ap-south-1:383452002839:subgrp:test-aurora-db-mysql",
            "description": "For Aurora cluster test-aurora-db-mysql",
            "id": "test-aurora-db-mysql",
            "name": "test-aurora-db-mysql",
            "name_prefix": "",
            "subnet_ids": [
              "subnet-03c39a0266f3983e5",
              "subnet-06470332b574f0f8f"
            ],
            "supported_network_types": [
              "IPV4"
            ],
            "tags": {
              "DataTaxonomy": "Cisco Operatoins Data",
              "Deployment_stack": "green",
              "Environment": "performance",
              "Name": "Iaac-LACP-Mock-green-os",
              "ServiceName": "Security-stack"
            },
            "tags_all": {
              "DataTaxonomy": "Cisco Operatoins Data",
              "Deployment_stack": "green",
              "Environment": "performance",
              "Name": "Iaac-LACP-Mock-green-os",
              "ServiceName": "Security-stack"
            }
          },
          "sensitive_attributes": [],
          "private": "bnVsbA==",
          "dependencies": [
            "module.vpc.aws_subnet.public",
            "module.vpc.aws_vpc.this",
            "module.vpc.aws_vpc_ipv4_cidr_block_association.this"
          ]
        }
      ]
    },
    {
      "module": "module.cluster_creation",
      "mode": "managed",
      "type": "aws_iam_role",
      "name": "rds_enhanced_monitoring",
      "provider": "provider[\"registry.terraform.io/hashicorp/aws\"]",
      "instances": [
        {
          "index_key": 0,
          "schema_version": 0,
          "attributes": {
            "arn": "arn:aws:iam::383452002839:role/terraform-20221201034725356200000001",
            "assume_role_policy": "{\"Statement\":[{\"Action\":\"sts:AssumeRole\",\"Effect\":\"Allow\",\"Principal\":{\"Service\":\"monitoring.rds.amazonaws.com\"},\"Sid\":\"\"}],\"Version\":\"2012-10-17\"}",
            "create_date": "2022-12-01T03:49:16Z",
            "description": "",
            "force_detach_policies": false,
            "id": "terraform-20221201034725356200000001",
            "inline_policy": [],
            "managed_policy_arns": [],
            "max_session_duration": 3600,
            "name": "terraform-20221201034725356200000001",
            "name_prefix": "terraform-",
            "path": "/",
            "permissions_boundary": null,
            "tags": {
              "DataTaxonomy": "Cisco Operatoins Data",
              "Deployment_stack": "green",
              "Environment": "performance",
              "Name": "Iaac-LACP-Mock-green-os",
              "ServiceName": "Security-stack"
            },
            "tags_all": {
              "DataTaxonomy": "Cisco Operatoins Data",
              "Deployment_stack": "green",
              "Environment": "performance",
              "Name": "Iaac-LACP-Mock-green-os",
              "ServiceName": "Security-stack"
            },
            "unique_id": "AROAVSR4FHIL7PGKCEQRT"
          },
          "sensitive_attributes": [],
          "private": "bnVsbA==",
          "dependencies": [
            "module.cluster_creation.data.aws_iam_policy_document.monitoring_rds_assume_role"
          ]
        }
      ]
    },
    {
      "module": "module.cluster_creation",
      "mode": "managed",
      "type": "aws_iam_role_policy_attachment",
      "name": "rds_enhanced_monitoring",
      "provider": "provider[\"registry.terraform.io/hashicorp/aws\"]",
      "instances": [
        {
          "index_key": 0,
          "schema_version": 0,
          "attributes": {
            "id": "terraform-20221201034725356200000001-20221201034728113100000002",
            "policy_arn": "arn:aws:iam::aws:policy/service-role/AmazonRDSEnhancedMonitoringRole",
            "role": "terraform-20221201034725356200000001"
          },
          "sensitive_attributes": [],
          "private": "bnVsbA==",
          "dependencies": [
            "module.cluster_creation.aws_iam_role.rds_enhanced_monitoring",
            "module.cluster_creation.data.aws_iam_policy_document.monitoring_rds_assume_role",
            "module.cluster_creation.data.aws_partition.current"
          ]
        }
      ]
    },
    {
      "module": "module.cluster_creation",
      "mode": "managed",
      "type": "aws_rds_cluster",
      "name": "this",
      "provider": "provider[\"registry.terraform.io/hashicorp/aws\"]",
      "instances": [
        {
          "index_key": 0,
          "schema_version": 0,
          "attributes": {
            "allocated_storage": 1,
            "allow_major_version_upgrade": false,
            "apply_immediately": true,
            "arn": "arn:aws:rds:ap-south-1:383452002839:cluster:test-aurora-db-mysql",
            "availability_zones": [
              "ap-south-1a",
              "ap-south-1b",
              "ap-south-1c"
            ],
            "backtrack_window": 0,
            "backup_retention_period": 7,
            "cluster_identifier": "test-aurora-db-mysql",
            "cluster_identifier_prefix": null,
            "cluster_members": [],
            "cluster_resource_id": "cluster-JPHOC7N3QGLAOOWV72DZOFW7ZE",
            "copy_tags_to_snapshot": false,
            "database_name": null,
            "db_cluster_instance_class": "",
            "db_cluster_parameter_group_name": "default.aurora-mysql5.7",
            "db_instance_parameter_group_name": null,
            "db_subnet_group_name": "test-aurora-db-mysql",
            "deletion_protection": false,
            "enable_global_write_forwarding": false,
            "enable_http_endpoint": false,
            "enabled_cloudwatch_logs_exports": null,
            "endpoint": "test-aurora-db-mysql.cluster-ctp4rqm4nz9h.ap-south-1.rds.amazonaws.com",
            "engine": "aurora-mysql",
            "engine_mode": "provisioned",
            "engine_version": "5.7.mysql_aurora.2.10.2",
            "engine_version_actual": "5.7.mysql_aurora.2.10.2",
            "final_snapshot_identifier": "final-test-aurora-db-mysql-4d9f13a5",
            "global_cluster_identifier": "",
            "hosted_zone_id": "Z2VFMSZA74J7XZ",
            "iam_database_authentication_enabled": false,
            "iam_roles": [],
            "id": "test-aurora-db-mysql",
            "iops": 0,
            "kms_key_id": "arn:aws:kms:ap-south-1:383452002839:key/45fd87c6-8c74-4d36-b515-c972a3e66350",
            "master_password": "admin12345678",
            "master_username": "shubham",
            "network_type": "IPV4",
            "port": 3306,
            "preferred_backup_window": "02:00-03:00",
            "preferred_maintenance_window": "sun:05:00-sun:06:00",
            "reader_endpoint": "test-aurora-db-mysql.cluster-ro-ctp4rqm4nz9h.ap-south-1.rds.amazonaws.com",
            "replication_source_identifier": "",
            "restore_to_point_in_time": [],
            "s3_import": [],
            "scaling_configuration": [],
            "serverlessv2_scaling_configuration": [],
            "skip_final_snapshot": false,
            "snapshot_identifier": null,
            "source_region": null,
            "storage_encrypted": true,
            "storage_type": "",
            "tags": {
              "DataTaxonomy": "Cisco Operatoins Data",
              "Deployment_stack": "green",
              "Environment": "performance",
              "Name": "Iaac-LACP-Mock-green-os",
              "ServiceName": "Security-stack"
            },
            "tags_all": {
              "DataTaxonomy": "Cisco Operatoins Data",
              "Deployment_stack": "green",
              "Environment": "performance",
              "Name": "Iaac-LACP-Mock-green-os",
              "ServiceName": "Security-stack"
            },
            "timeouts": {
              "create": null,
              "delete": null,
              "update": null
            },
            "vpc_security_group_ids": [
              "sg-0cfd0527fd268f296"
            ]
          },
          "sensitive_attributes": [],
          "private": "eyJlMmJmYjczMC1lY2FhLTExZTYtOGY4OC0zNDM2M2JjN2M0YzAiOnsiY3JlYXRlIjo3MjAwMDAwMDAwMDAwLCJkZWxldGUiOjcyMDAwMDAwMDAwMDAsInVwZGF0ZSI6NzIwMDAwMDAwMDAwMH19",
          "dependencies": [
            "module.cluster_creation.aws_db_subnet_group.this",
            "module.cluster_creation.aws_rds_cluster_parameter_group.this",
            "module.cluster_creation.aws_security_group.this",
            "module.cluster_creation.random_id.snapshot_identifier",
            "module.cluster_creation.random_password.master_password",
            "module.vpc.aws_subnet.public",
            "module.vpc.aws_vpc.this",
            "module.vpc.aws_vpc_ipv4_cidr_block_association.this"
          ]
        }
      ]
    },
    {
      "module": "module.cluster_creation",
      "mode": "managed",
      "type": "aws_rds_cluster_instance",
      "name": "this",
      "provider": "provider[\"registry.terraform.io/hashicorp/aws\"]",
      "instances": [
        {
          "index_key": "2",
          "schema_version": 0,
          "attributes": {
            "apply_immediately": true,
            "arn": "arn:aws:rds:ap-south-1:383452002839:db:test-aurora-db-mysql-2",
            "auto_minor_version_upgrade": true,
            "availability_zone": "ap-south-1a",
            "ca_cert_identifier": "rds-ca-2019",
            "cluster_identifier": "test-aurora-db-mysql",
            "copy_tags_to_snapshot": false,
            "db_parameter_group_name": "default.aurora-mysql5.7",
            "db_subnet_group_name": "test-aurora-db-mysql",
            "dbi_resource_id": "db-VIUUXF2NNAW4VPOTOG346FT47M",
            "endpoint": "test-aurora-db-mysql-2.ctp4rqm4nz9h.ap-south-1.rds.amazonaws.com",
            "engine": "aurora-mysql",
            "engine_version": "5.7.mysql_aurora.2.10.2",
            "engine_version_actual": "5.7.mysql_aurora.2.10.2",
            "id": "test-aurora-db-mysql-2",
            "identifier": "test-aurora-db-mysql-2",
            "identifier_prefix": null,
            "instance_class": "db.r6g.large",
            "kms_key_id": "arn:aws:kms:ap-south-1:383452002839:key/45fd87c6-8c74-4d36-b515-c972a3e66350",
            "monitoring_interval": 10,
            "monitoring_role_arn": "arn:aws:iam::383452002839:role/terraform-20221201034725356200000001",
            "network_type": "IPV4",
            "performance_insights_enabled": false,
            "performance_insights_kms_key_id": "",
            "performance_insights_retention_period": 0,
            "port": 3306,
            "preferred_backup_window": "02:00-03:00",
            "preferred_maintenance_window": "sun:05:00-sun:06:00",
            "promotion_tier": 0,
            "publicly_accessible": true,
            "storage_encrypted": true,
            "tags": {
              "DataTaxonomy": "Cisco Operatoins Data",
              "Deployment_stack": "green",
              "Environment": "performance",
              "Name": "Iaac-LACP-Mock-green-os",
              "ServiceName": "Security-stack"
            },
            "tags_all": {
              "DataTaxonomy": "Cisco Operatoins Data",
              "Deployment_stack": "green",
              "Environment": "performance",
              "Name": "Iaac-LACP-Mock-green-os",
              "ServiceName": "Security-stack"
            },
            "timeouts": {
              "create": null,
              "delete": null,
              "update": null
            },
            "writer": false
          },
          "sensitive_attributes": [],
          "private": "eyJlMmJmYjczMC1lY2FhLTExZTYtOGY4OC0zNDM2M2JjN2M0YzAiOnsiY3JlYXRlIjo1NDAwMDAwMDAwMDAwLCJkZWxldGUiOjU0MDAwMDAwMDAwMDAsInVwZGF0ZSI6NTQwMDAwMDAwMDAwMH19",
          "dependencies": [
            "module.cluster_creation.aws_db_parameter_group.this",
            "module.cluster_creation.aws_db_subnet_group.this",
            "module.cluster_creation.aws_iam_role.rds_enhanced_monitoring",
            "module.cluster_creation.aws_rds_cluster.this",
            "module.cluster_creation.aws_rds_cluster_parameter_group.this",
            "module.cluster_creation.aws_security_group.this",
            "module.cluster_creation.data.aws_iam_policy_document.monitoring_rds_assume_role",
            "module.cluster_creation.random_id.snapshot_identifier",
            "module.cluster_creation.random_password.master_password",
            "module.vpc.aws_subnet.public",
            "module.vpc.aws_vpc.this",
            "module.vpc.aws_vpc_ipv4_cidr_block_association.this"
          ]
        },
        {
          "index_key": "one",
          "schema_version": 0,
          "attributes": {
            "apply_immediately": true,
            "arn": "arn:aws:rds:ap-south-1:383452002839:db:test-aurora-db-mysql-one",
            "auto_minor_version_upgrade": true,
            "availability_zone": "ap-south-1b",
            "ca_cert_identifier": "rds-ca-2019",
            "cluster_identifier": "test-aurora-db-mysql",
            "copy_tags_to_snapshot": false,
            "db_parameter_group_name": "default.aurora-mysql5.7",
            "db_subnet_group_name": "test-aurora-db-mysql",
            "dbi_resource_id": "db-KVNXQRMPGRFNLKUYOK4AKAHLQY",
            "endpoint": "test-aurora-db-mysql-one.ctp4rqm4nz9h.ap-south-1.rds.amazonaws.com",
            "engine": "aurora-mysql",
            "engine_version": "5.7.mysql_aurora.2.10.2",
            "engine_version_actual": "5.7.mysql_aurora.2.10.2",
            "id": "test-aurora-db-mysql-one",
            "identifier": "test-aurora-db-mysql-one",
            "identifier_prefix": null,
            "instance_class": "db.r6g.large",
            "kms_key_id": "arn:aws:kms:ap-south-1:383452002839:key/45fd87c6-8c74-4d36-b515-c972a3e66350",
            "monitoring_interval": 10,
            "monitoring_role_arn": "arn:aws:iam::383452002839:role/terraform-20221201034725356200000001",
            "network_type": "IPV4",
            "performance_insights_enabled": false,
            "performance_insights_kms_key_id": "",
            "performance_insights_retention_period": 0,
            "port": 3306,
            "preferred_backup_window": "02:00-03:00",
            "preferred_maintenance_window": "sun:05:00-sun:06:00",
            "promotion_tier": 0,
            "publicly_accessible": true,
            "storage_encrypted": true,
            "tags": {
              "DataTaxonomy": "Cisco Operatoins Data",
              "Deployment_stack": "green",
              "Environment": "performance",
              "Name": "Iaac-LACP-Mock-green-os",
              "ServiceName": "Security-stack"
            },
            "tags_all": {
              "DataTaxonomy": "Cisco Operatoins Data",
              "Deployment_stack": "green",
              "Environment": "performance",
              "Name": "Iaac-LACP-Mock-green-os",
              "ServiceName": "Security-stack"
            },
            "timeouts": {
              "create": null,
              "delete": null,
              "update": null
            },
            "writer": true
          },
          "sensitive_attributes": [],
          "private": "eyJlMmJmYjczMC1lY2FhLTExZTYtOGY4OC0zNDM2M2JjN2M0YzAiOnsiY3JlYXRlIjo1NDAwMDAwMDAwMDAwLCJkZWxldGUiOjU0MDAwMDAwMDAwMDAsInVwZGF0ZSI6NTQwMDAwMDAwMDAwMH19",
          "dependencies": [
            "module.cluster_creation.aws_db_parameter_group.this",
            "module.cluster_creation.aws_db_subnet_group.this",
            "module.cluster_creation.aws_iam_role.rds_enhanced_monitoring",
            "module.cluster_creation.aws_rds_cluster.this",
            "module.cluster_creation.aws_rds_cluster_parameter_group.this",
            "module.cluster_creation.aws_security_group.this",
            "module.cluster_creation.data.aws_iam_policy_document.monitoring_rds_assume_role",
            "module.cluster_creation.random_id.snapshot_identifier",
            "module.cluster_creation.random_password.master_password",
            "module.vpc.aws_subnet.public",
            "module.vpc.aws_vpc.this",
            "module.vpc.aws_vpc_ipv4_cidr_block_association.this"
          ]
        }
      ]
    },
    {
      "module": "module.cluster_creation",
      "mode": "managed",
      "type": "aws_security_group",
      "name": "this",
      "provider": "provider[\"registry.terraform.io/hashicorp/aws\"]",
      "instances": [
        {
          "index_key": 0,
          "schema_version": 1,
          "attributes": {
            "arn": "arn:aws:ec2:ap-south-1:383452002839:security-group/sg-0cfd0527fd268f296",
            "description": "Control traffic to/from RDS Aurora test-aurora-db-mysql",
            "egress": [],
            "id": "sg-0cfd0527fd268f296",
            "ingress": [],
            "name": "test-aurora-db-mysql-20221201034737557100000003",
            "name_prefix": "test-aurora-db-mysql-",
            "owner_id": "383452002839",
            "revoke_rules_on_delete": false,
            "tags": {
              "DataTaxonomy": "Cisco Operatoins Data",
              "Deployment_stack": "green",
              "Environment": "performance",
              "Name": "test-aurora-db-mysql",
              "ServiceName": "Security-stack"
            },
            "tags_all": {
              "DataTaxonomy": "Cisco Operatoins Data",
              "Deployment_stack": "green",
              "Environment": "performance",
              "Name": "test-aurora-db-mysql",
              "ServiceName": "Security-stack"
            },
            "timeouts": null,
            "vpc_id": "vpc-04fa1ba4583cceef5"
          },
          "sensitive_attributes": [],
          "private": "eyJlMmJmYjczMC1lY2FhLTExZTYtOGY4OC0zNDM2M2JjN2M0YzAiOnsiY3JlYXRlIjo2MDAwMDAwMDAwMDAsImRlbGV0ZSI6OTAwMDAwMDAwMDAwfSwic2NoZW1hX3ZlcnNpb24iOiIxIn0=",
          "dependencies": [
            "module.vpc.aws_vpc.this"
          ],
          "create_before_destroy": true
        }
      ]
    },
    {
      "module": "module.cluster_creation",
      "mode": "managed",
      "type": "aws_security_group_rule",
      "name": "cidr_ingress",
      "provider": "provider[\"registry.terraform.io/hashicorp/aws\"]",
      "instances": [
        {
          "index_key": 0,
          "schema_version": 2,
          "attributes": {
            "cidr_blocks": [
              "0.0.0.0/0"
            ],
            "description": "From allowed CIDRs",
            "from_port": 3306,
            "id": "sgrule-935735080",
            "ipv6_cidr_blocks": null,
            "prefix_list_ids": null,
            "protocol": "tcp",
            "security_group_id": "sg-0cfd0527fd268f296",
            "security_group_rule_id": "sgr-0501e822b4be61735",
            "self": false,
            "source_security_group_id": null,
            "timeouts": null,
            "to_port": 3306,
            "type": "ingress"
          },
          "sensitive_attributes": [],
          "private": "eyJlMmJmYjczMC1lY2FhLTExZTYtOGY4OC0zNDM2M2JjN2M0YzAiOnsiY3JlYXRlIjozMDAwMDAwMDAwMDB9LCJzY2hlbWFfdmVyc2lvbiI6IjIifQ==",
          "dependencies": [
            "module.cluster_creation.aws_security_group.this",
            "module.vpc.aws_vpc.this"
          ]
        }
      ]
    },
    {
      "module": "module.cluster_creation",
      "mode": "managed",
      "type": "random_id",
      "name": "snapshot_identifier",
      "provider": "provider[\"registry.terraform.io/hashicorp/random\"]",
      "instances": [
        {
          "index_key": 0,
          "schema_version": 0,
          "attributes": {
            "b64_std": "TZ8TpQ==",
            "b64_url": "TZ8TpQ",
            "byte_length": 4,
            "dec": "1302270885",
            "hex": "4d9f13a5",
            "id": "TZ8TpQ",
            "keepers": {
              "id": "test-aurora-db-mysql"
            },
            "prefix": null
          },
          "sensitive_attributes": []
        }
      ]
    },
    {
      "module": "module.proxy",
      "mode": "data",
      "type": "aws_kms_key",
      "name": "iaac_aws_kms_key",
      "provider": "provider[\"registry.terraform.io/hashicorp/aws\"]",
      "instances": [
        {
          "schema_version": 0,
          "attributes": {
            "arn": "arn:aws:kms:ap-south-1:383452002839:key/f49a4ede-9285-4d6a-aa43-8d4c5d8d150c",
            "aws_account_id": "383452002839",
            "creation_date": "2022-11-25T11:16:32Z",
            "customer_master_key_spec": "SYMMETRIC_DEFAULT",
            "deletion_date": null,
            "description": "Default key that protects my Secrets Manager data when no other key is defined",
            "enabled": true,
            "expiration_model": "",
            "grant_tokens": null,
            "id": "f49a4ede-9285-4d6a-aa43-8d4c5d8d150c",
            "key_id": "f49a4ede-9285-4d6a-aa43-8d4c5d8d150c",
            "key_manager": "AWS",
            "key_state": "Enabled",
            "key_usage": "ENCRYPT_DECRYPT",
            "multi_region": false,
            "multi_region_configuration": [],
            "origin": "AWS_KMS",
            "valid_to": null
          },
          "sensitive_attributes": []
        }
      ]
    },
    {
      "module": "module.proxy",
      "mode": "managed",
      "type": "aws_db_proxy",
      "name": "iaac_aws_db_proxy",
      "provider": "provider[\"registry.terraform.io/hashicorp/aws\"]",
      "instances": [
        {
          "schema_version": 0,
          "attributes": {
            "arn": "arn:aws:rds:ap-south-1:383452002839:db-proxy:prx-069ac4a732f8b65ad",
            "auth": [
              {
                "auth_scheme": "SECRETS",
                "description": "example",
                "iam_auth": "DISABLED",
                "secret_arn": "arn:aws:secretsmanager:ap-south-1:383452002839:secret:rds-credentials-terraform-iaac-devops-aws-terraform-O0bJFz",
                "username": ""
              }
            ],
            "debug_logging": false,
            "endpoint": "rds-proxy.proxy-ctp4rqm4nz9h.ap-south-1.rds.amazonaws.com",
            "engine_family": "MYSQL",
            "id": "rds-proxy",
            "idle_client_timeout": 1800,
            "name": "rds-proxy",
            "require_tls": false,
            "role_arn": "arn:aws:iam::383452002839:role/test_role",
            "tags": null,
            "tags_all": {},
            "timeouts": null,
            "vpc_security_group_ids": [
              "sg-0cfd0527fd268f296"
            ],
            "vpc_subnet_ids": [
              "subnet-03c39a0266f3983e5",
              "subnet-06470332b574f0f8f"
            ]
          },
          "sensitive_attributes": [],
          "private": "eyJlMmJmYjczMC1lY2FhLTExZTYtOGY4OC0zNDM2M2JjN2M0YzAiOnsiY3JlYXRlIjoxODAwMDAwMDAwMDAwLCJkZWxldGUiOjM2MDAwMDAwMDAwMDAsInVwZGF0ZSI6MTgwMDAwMDAwMDAwMH19",
          "dependencies": [
            "module.cluster_creation.aws_appautoscaling_policy.this",
            "module.cluster_creation.aws_appautoscaling_target.this",
            "module.cluster_creation.aws_db_parameter_group.this",
            "module.cluster_creation.aws_db_subnet_group.this",
            "module.cluster_creation.aws_iam_role.rds_enhanced_monitoring",
            "module.cluster_creation.aws_iam_role_policy_attachment.rds_enhanced_monitoring",
            "module.cluster_creation.aws_rds_cluster.this",
            "module.cluster_creation.aws_rds_cluster_endpoint.this",
            "module.cluster_creation.aws_rds_cluster_instance.this",
            "module.cluster_creation.aws_rds_cluster_parameter_group.this",
            "module.cluster_creation.aws_rds_cluster_role_association.this",
            "module.cluster_creation.aws_security_group.this",
            "module.cluster_creation.aws_security_group_rule.cidr_ingress",
            "module.cluster_creation.aws_security_group_rule.default_ingress",
            "module.cluster_creation.aws_security_group_rule.egress",
            "module.cluster_creation.data.aws_iam_policy_document.monitoring_rds_assume_role",
            "module.cluster_creation.data.aws_partition.current",
            "module.cluster_creation.random_id.snapshot_identifier",
            "module.cluster_creation.random_password.master_password",
            "module.proxy.aws_iam_role.iaac_aws_iam_role",
            "module.proxy.aws_secretsmanager_secret.iaac_rds_credentials",
            "module.vpc.aws_subnet.public",
            "module.vpc.aws_vpc.this",
            "module.vpc.aws_vpc_ipv4_cidr_block_association.this"
          ]
        }
      ]
    },
    {
      "module": "module.proxy",
      "mode": "managed",
      "type": "aws_db_proxy_default_target_group",
      "name": "db-proxy-tg",
      "provider": "provider[\"registry.terraform.io/hashicorp/aws\"]",
      "instances": [
        {
          "schema_version": 0,
          "attributes": {
            "arn": "arn:aws:rds:ap-south-1:383452002839:target-group:prx-tg-0bd84f0cc92b59d02",
            "connection_pool_config": [
              {
                "connection_borrow_timeout": 120,
                "init_query": "SET x=1, y=2",
                "max_connections_percent": 100,
                "max_idle_connections_percent": 50,
                "session_pinning_filters": [
                  "EXCLUDE_VARIABLE_SETS"
                ]
              }
            ],
            "db_proxy_name": "rds-proxy",
            "id": "rds-proxy",
            "name": "default",
            "timeouts": null
          },
          "sensitive_attributes": [],
          "private": "eyJlMmJmYjczMC1lY2FhLTExZTYtOGY4OC0zNDM2M2JjN2M0YzAiOnsiY3JlYXRlIjoxODAwMDAwMDAwMDAwLCJ1cGRhdGUiOjE4MDAwMDAwMDAwMDB9fQ==",
          "dependencies": [
            "module.cluster_creation.aws_appautoscaling_policy.this",
            "module.cluster_creation.aws_appautoscaling_target.this",
            "module.cluster_creation.aws_db_parameter_group.this",
            "module.cluster_creation.aws_db_subnet_group.this",
            "module.cluster_creation.aws_iam_role.rds_enhanced_monitoring",
            "module.cluster_creation.aws_iam_role_policy_attachment.rds_enhanced_monitoring",
            "module.cluster_creation.aws_rds_cluster.this",
            "module.cluster_creation.aws_rds_cluster_endpoint.this",
            "module.cluster_creation.aws_rds_cluster_instance.this",
            "module.cluster_creation.aws_rds_cluster_parameter_group.this",
            "module.cluster_creation.aws_rds_cluster_role_association.this",
            "module.cluster_creation.aws_security_group.this",
            "module.cluster_creation.aws_security_group_rule.cidr_ingress",
            "module.cluster_creation.aws_security_group_rule.default_ingress",
            "module.cluster_creation.aws_security_group_rule.egress",
            "module.cluster_creation.data.aws_iam_policy_document.monitoring_rds_assume_role",
            "module.cluster_creation.data.aws_partition.current",
            "module.cluster_creation.random_id.snapshot_identifier",
            "module.cluster_creation.random_password.master_password",
            "module.proxy.aws_db_proxy.iaac_aws_db_proxy",
            "module.proxy.aws_iam_role.iaac_aws_iam_role",
            "module.proxy.aws_secretsmanager_secret.iaac_rds_credentials",
            "module.vpc.aws_subnet.public",
            "module.vpc.aws_vpc.this",
            "module.vpc.aws_vpc_ipv4_cidr_block_association.this"
          ]
        }
      ]
    },
    {
      "module": "module.proxy",
      "mode": "managed",
      "type": "aws_db_proxy_target",
      "name": "db-proxytarget",
      "provider": "provider[\"registry.terraform.io/hashicorp/aws\"]",
      "instances": [
        {
          "schema_version": 0,
          "attributes": {
            "db_cluster_identifier": "test-aurora-db-mysql",
            "db_instance_identifier": null,
            "db_proxy_name": "rds-proxy",
            "endpoint": "",
            "id": "rds-proxy/default/TRACKED_CLUSTER/test-aurora-db-mysql",
            "port": 3306,
            "rds_resource_id": "test-aurora-db-mysql",
            "target_arn": "",
            "target_group_name": "default",
            "tracked_cluster_id": "",
            "type": "TRACKED_CLUSTER"
          },
          "sensitive_attributes": [],
          "private": "bnVsbA==",
          "dependencies": [
            "module.cluster_creation.aws_appautoscaling_policy.this",
            "module.cluster_creation.aws_appautoscaling_target.this",
            "module.cluster_creation.aws_db_parameter_group.this",
            "module.cluster_creation.aws_db_subnet_group.this",
            "module.cluster_creation.aws_iam_role.rds_enhanced_monitoring",
            "module.cluster_creation.aws_iam_role_policy_attachment.rds_enhanced_monitoring",
            "module.cluster_creation.aws_rds_cluster.this",
            "module.cluster_creation.aws_rds_cluster_endpoint.this",
            "module.cluster_creation.aws_rds_cluster_instance.this",
            "module.cluster_creation.aws_rds_cluster_parameter_group.this",
            "module.cluster_creation.aws_rds_cluster_role_association.this",
            "module.cluster_creation.aws_security_group.this",
            "module.cluster_creation.aws_security_group_rule.cidr_ingress",
            "module.cluster_creation.aws_security_group_rule.default_ingress",
            "module.cluster_creation.aws_security_group_rule.egress",
            "module.cluster_creation.data.aws_iam_policy_document.monitoring_rds_assume_role",
            "module.cluster_creation.data.aws_partition.current",
            "module.cluster_creation.random_id.snapshot_identifier",
            "module.cluster_creation.random_password.master_password",
            "module.proxy.aws_db_proxy.iaac_aws_db_proxy",
            "module.proxy.aws_db_proxy_default_target_group.db-proxy-tg",
            "module.proxy.aws_iam_role.iaac_aws_iam_role",
            "module.proxy.aws_secretsmanager_secret.iaac_rds_credentials",
            "module.vpc.aws_subnet.public",
            "module.vpc.aws_vpc.this",
            "module.vpc.aws_vpc_ipv4_cidr_block_association.this"
          ]
        }
      ]
    },
    {
      "module": "module.proxy",
      "mode": "managed",
      "type": "aws_iam_policy",
      "name": "iaac_aws_iam_policy",
      "provider": "provider[\"registry.terraform.io/hashicorp/aws\"]",
      "instances": [
        {
          "schema_version": 0,
          "attributes": {
            "arn": "arn:aws:iam::383452002839:policy/aws-iam-policy",
            "description": "",
            "id": "arn:aws:iam::383452002839:policy/aws-iam-policy",
            "name": "aws-iam-policy",
            "name_prefix": null,
            "path": "/",
            "policy": "{\"Statement\":[{\"Action\":[\"secretsmanager:GetSecretValue\"],\"Effect\":\"Allow\",\"Resource\":[\"arn:aws:secretsmanager:ap-south-1:383452002839:secret:rds-credentials-terraform-iaac-devops-aws-terraform-O0bJFz\"],\"Sid\":\"GetSecretValue\"},{\"Action\":[\"kms:Decrypt\"],\"Condition\":{\"StringEquals\":{\"kms:ViaService\":\"secretsmanager.ap-south-1.amazonaws.com\"}},\"Effect\":\"Allow\",\"Resource\":[\"arn:aws:kms:ap-south-1:383452002839:key/f49a4ede-9285-4d6a-aa43-8d4c5d8d150c\"],\"Sid\":\"DecryptSecretValue\"}],\"Version\":\"2012-10-17\"}",
            "policy_id": "ANPAVSR4FHILXK7RHUL4T",
            "tags": null,
            "tags_all": {}
          },
          "sensitive_attributes": [],
          "private": "bnVsbA==",
          "dependencies": [
            "module.cluster_creation.aws_appautoscaling_policy.this",
            "module.cluster_creation.aws_appautoscaling_target.this",
            "module.cluster_creation.aws_db_parameter_group.this",
            "module.cluster_creation.aws_db_subnet_group.this",
            "module.cluster_creation.aws_iam_role.rds_enhanced_monitoring",
            "module.cluster_creation.aws_iam_role_policy_attachment.rds_enhanced_monitoring",
            "module.cluster_creation.aws_rds_cluster.this",
            "module.cluster_creation.aws_rds_cluster_endpoint.this",
            "module.cluster_creation.aws_rds_cluster_instance.this",
            "module.cluster_creation.aws_rds_cluster_parameter_group.this",
            "module.cluster_creation.aws_rds_cluster_role_association.this",
            "module.cluster_creation.aws_security_group.this",
            "module.cluster_creation.aws_security_group_rule.cidr_ingress",
            "module.cluster_creation.aws_security_group_rule.default_ingress",
            "module.cluster_creation.aws_security_group_rule.egress",
            "module.cluster_creation.data.aws_iam_policy_document.monitoring_rds_assume_role",
            "module.cluster_creation.data.aws_partition.current",
            "module.cluster_creation.random_id.snapshot_identifier",
            "module.cluster_creation.random_password.master_password",
            "module.proxy.aws_secretsmanager_secret.iaac_rds_credentials",
            "module.proxy.data.aws_kms_key.iaac_aws_kms_key",
            "module.vpc.aws_subnet.public",
            "module.vpc.aws_vpc.this",
            "module.vpc.aws_vpc_ipv4_cidr_block_association.this"
          ]
        }
      ]
    },
    {
      "module": "module.proxy",
      "mode": "managed",
      "type": "aws_iam_policy_attachment",
      "name": "test-attach",
      "provider": "provider[\"registry.terraform.io/hashicorp/aws\"]",
      "instances": [
        {
          "schema_version": 0,
          "attributes": {
            "groups": null,
            "id": "test-attachment",
            "name": "test-attachment",
            "policy_arn": "arn:aws:iam::383452002839:policy/aws-iam-policy",
            "roles": [
              "test_role"
            ],
            "users": null
          },
          "sensitive_attributes": [],
          "private": "bnVsbA==",
          "dependencies": [
            "module.cluster_creation.aws_appautoscaling_policy.this",
            "module.cluster_creation.aws_appautoscaling_target.this",
            "module.cluster_creation.aws_db_parameter_group.this",
            "module.cluster_creation.aws_db_subnet_group.this",
            "module.cluster_creation.aws_iam_role.rds_enhanced_monitoring",
            "module.cluster_creation.aws_iam_role_policy_attachment.rds_enhanced_monitoring",
            "module.cluster_creation.aws_rds_cluster.this",
            "module.cluster_creation.aws_rds_cluster_endpoint.this",
            "module.cluster_creation.aws_rds_cluster_instance.this",
            "module.cluster_creation.aws_rds_cluster_parameter_group.this",
            "module.cluster_creation.aws_rds_cluster_role_association.this",
            "module.cluster_creation.aws_security_group.this",
            "module.cluster_creation.aws_security_group_rule.cidr_ingress",
            "module.cluster_creation.aws_security_group_rule.default_ingress",
            "module.cluster_creation.aws_security_group_rule.egress",
            "module.cluster_creation.data.aws_iam_policy_document.monitoring_rds_assume_role",
            "module.cluster_creation.data.aws_partition.current",
            "module.cluster_creation.random_id.snapshot_identifier",
            "module.cluster_creation.random_password.master_password",
            "module.proxy.aws_iam_policy.iaac_aws_iam_policy",
            "module.proxy.aws_iam_role.iaac_aws_iam_role",
            "module.proxy.aws_secretsmanager_secret.iaac_rds_credentials",
            "module.proxy.data.aws_kms_key.iaac_aws_kms_key",
            "module.vpc.aws_subnet.public",
            "module.vpc.aws_vpc.this",
            "module.vpc.aws_vpc_ipv4_cidr_block_association.this"
          ]
        }
      ]
    },
    {
      "module": "module.proxy",
      "mode": "managed",
      "type": "aws_iam_role",
      "name": "iaac_aws_iam_role",
      "provider": "provider[\"registry.terraform.io/hashicorp/aws\"]",
      "instances": [
        {
          "schema_version": 0,
          "attributes": {
            "arn": "arn:aws:iam::383452002839:role/test_role",
            "assume_role_policy": "{\"Statement\":[{\"Action\":\"sts:AssumeRole\",\"Effect\":\"Allow\",\"Principal\":{\"Service\":\"rds.amazonaws.com\"},\"Sid\":\"\"}],\"Version\":\"2012-10-17\"}",
            "create_date": "2022-12-01T04:03:33Z",
            "description": "",
            "force_detach_policies": false,
            "id": "test_role",
            "inline_policy": [],
            "managed_policy_arns": [],
            "max_session_duration": 3600,
            "name": "test_role",
            "name_prefix": "",
            "path": "/",
            "permissions_boundary": null,
            "tags": {
              "tag-key": "tag-value"
            },
            "tags_all": {
              "tag-key": "tag-value"
            },
            "unique_id": "AROAVSR4FHILSRJ4CGIGT"
          },
          "sensitive_attributes": [],
          "private": "bnVsbA==",
          "dependencies": [
            "module.cluster_creation.aws_appautoscaling_policy.this",
            "module.cluster_creation.aws_appautoscaling_target.this",
            "module.cluster_creation.aws_db_parameter_group.this",
            "module.cluster_creation.aws_db_subnet_group.this",
            "module.cluster_creation.aws_iam_role.rds_enhanced_monitoring",
            "module.cluster_creation.aws_iam_role_policy_attachment.rds_enhanced_monitoring",
            "module.cluster_creation.aws_rds_cluster.this",
            "module.cluster_creation.aws_rds_cluster_endpoint.this",
            "module.cluster_creation.aws_rds_cluster_instance.this",
            "module.cluster_creation.aws_rds_cluster_parameter_group.this",
            "module.cluster_creation.aws_rds_cluster_role_association.this",
            "module.cluster_creation.aws_security_group.this",
            "module.cluster_creation.aws_security_group_rule.cidr_ingress",
            "module.cluster_creation.aws_security_group_rule.default_ingress",
            "module.cluster_creation.aws_security_group_rule.egress",
            "module.cluster_creation.data.aws_iam_policy_document.monitoring_rds_assume_role",
            "module.cluster_creation.data.aws_partition.current",
            "module.cluster_creation.random_id.snapshot_identifier",
            "module.cluster_creation.random_password.master_password",
            "module.vpc.aws_subnet.public",
            "module.vpc.aws_vpc.this",
            "module.vpc.aws_vpc_ipv4_cidr_block_association.this"
          ]
        }
      ]
    },
    {
      "module": "module.proxy",
      "mode": "managed",
      "type": "aws_secretsmanager_secret",
      "name": "iaac_rds_credentials",
      "provider": "provider[\"registry.terraform.io/hashicorp/aws\"]",
      "instances": [
        {
          "schema_version": 0,
          "attributes": {
            "arn": "arn:aws:secretsmanager:ap-south-1:383452002839:secret:rds-credentials-terraform-iaac-devops-aws-terraform-O0bJFz",
            "description": "",
            "force_overwrite_replica_secret": false,
            "id": "arn:aws:secretsmanager:ap-south-1:383452002839:secret:rds-credentials-terraform-iaac-devops-aws-terraform-O0bJFz",
            "kms_key_id": "",
            "name": "rds-credentials-terraform-iaac-devops-aws-terraform",
            "name_prefix": "",
            "policy": "",
            "recovery_window_in_days": 30,
            "replica": [],
            "rotation_enabled": false,
            "rotation_lambda_arn": "",
            "rotation_rules": [],
            "tags": null,
            "tags_all": {}
          },
          "sensitive_attributes": [],
          "private": "bnVsbA==",
          "dependencies": [
            "module.cluster_creation.aws_appautoscaling_policy.this",
            "module.cluster_creation.aws_appautoscaling_target.this",
            "module.cluster_creation.aws_db_parameter_group.this",
            "module.cluster_creation.aws_db_subnet_group.this",
            "module.cluster_creation.aws_iam_role.rds_enhanced_monitoring",
            "module.cluster_creation.aws_iam_role_policy_attachment.rds_enhanced_monitoring",
            "module.cluster_creation.aws_rds_cluster.this",
            "module.cluster_creation.aws_rds_cluster_endpoint.this",
            "module.cluster_creation.aws_rds_cluster_instance.this",
            "module.cluster_creation.aws_rds_cluster_parameter_group.this",
            "module.cluster_creation.aws_rds_cluster_role_association.this",
            "module.cluster_creation.aws_security_group.this",
            "module.cluster_creation.aws_security_group_rule.cidr_ingress",
            "module.cluster_creation.aws_security_group_rule.default_ingress",
            "module.cluster_creation.aws_security_group_rule.egress",
            "module.cluster_creation.data.aws_iam_policy_document.monitoring_rds_assume_role",
            "module.cluster_creation.data.aws_partition.current",
            "module.cluster_creation.random_id.snapshot_identifier",
            "module.cluster_creation.random_password.master_password",
            "module.vpc.aws_subnet.public",
            "module.vpc.aws_vpc.this",
            "module.vpc.aws_vpc_ipv4_cidr_block_association.this"
          ]
        }
      ]
    },
    {
      "module": "module.proxy",
      "mode": "managed",
      "type": "aws_secretsmanager_secret_version",
      "name": "rds_credentials",
      "provider": "provider[\"registry.terraform.io/hashicorp/aws\"]",
      "instances": [
        {
          "schema_version": 0,
          "attributes": {
            "arn": "arn:aws:secretsmanager:ap-south-1:383452002839:secret:rds-credentials-terraform-iaac-devops-aws-terraform-O0bJFz",
            "id": "arn:aws:secretsmanager:ap-south-1:383452002839:secret:rds-credentials-terraform-iaac-devops-aws-terraform-O0bJFz|9A390435-8C14-40A6-BD81-D9DEBC217025",
            "secret_binary": "",
            "secret_id": "arn:aws:secretsmanager:ap-south-1:383452002839:secret:rds-credentials-terraform-iaac-devops-aws-terraform-O0bJFz",
            "secret_string": "{\r\n  \"username\": \"shubham\",\r\n  \"password\": \"admin12345678\",\r\n  \"engine\": \"mysql\",\r\n  \"host\": \"test-aurora-db-mysql.cluster-ctp4rqm4nz9h.ap-south-1.rds.amazonaws.com\",\r\n  \"port\": 3306,\r\n  \"dbClusterIdentifier\": \"test-aurora-db-mysql\"\r\n}\r\n",
            "version_id": "9A390435-8C14-40A6-BD81-D9DEBC217025",
            "version_stages": [
              "AWSCURRENT"
            ]
          },
          "sensitive_attributes": [],
          "private": "bnVsbA==",
          "dependencies": [
            "module.cluster_creation.aws_appautoscaling_policy.this",
            "module.cluster_creation.aws_appautoscaling_target.this",
            "module.cluster_creation.aws_db_parameter_group.this",
            "module.cluster_creation.aws_db_subnet_group.this",
            "module.cluster_creation.aws_iam_role.rds_enhanced_monitoring",
            "module.cluster_creation.aws_iam_role_policy_attachment.rds_enhanced_monitoring",
            "module.cluster_creation.aws_rds_cluster.this",
            "module.cluster_creation.aws_rds_cluster_endpoint.this",
            "module.cluster_creation.aws_rds_cluster_instance.this",
            "module.cluster_creation.aws_rds_cluster_parameter_group.this",
            "module.cluster_creation.aws_rds_cluster_role_association.this",
            "module.cluster_creation.aws_security_group.this",
            "module.cluster_creation.aws_security_group_rule.cidr_ingress",
            "module.cluster_creation.aws_security_group_rule.default_ingress",
            "module.cluster_creation.aws_security_group_rule.egress",
            "module.cluster_creation.data.aws_iam_policy_document.monitoring_rds_assume_role",
            "module.cluster_creation.data.aws_partition.current",
            "module.cluster_creation.random_id.snapshot_identifier",
            "module.cluster_creation.random_password.master_password",
            "module.proxy.aws_secretsmanager_secret.iaac_rds_credentials",
            "module.vpc.aws_subnet.public",
            "module.vpc.aws_vpc.this",
            "module.vpc.aws_vpc_ipv4_cidr_block_association.this"
          ]
        }
      ]
    },
    {
      "module": "module.vpc",
      "mode": "managed",
      "type": "aws_eip",
      "name": "nat",
      "provider": "provider[\"registry.terraform.io/hashicorp/aws\"]",
      "instances": [
        {
          "index_key": 0,
          "schema_version": 0,
          "attributes": {
            "address": null,
            "allocation_id": "eipalloc-0b91edc36225525cd",
            "associate_with_private_ip": null,
            "association_id": "",
            "carrier_ip": "",
            "customer_owned_ip": "",
            "customer_owned_ipv4_pool": "",
            "domain": "vpc",
            "id": "eipalloc-0b91edc36225525cd",
            "instance": "",
            "network_border_group": "ap-south-1",
            "network_interface": "",
            "private_dns": null,
            "private_ip": "",
            "public_dns": "ec2-43-204-7-159.ap-south-1.compute.amazonaws.com",
            "public_ip": "43.204.7.159",
            "public_ipv4_pool": "amazon",
            "tags": {
              "DataTaxonomy": "Cisco Operatoins Data",
              "Deployment_stack": "green",
              "Environment": "performance",
              "Name": "Iaac-LACP-Mock-green-os",
              "ServiceName": "Security-stack"
            },
            "tags_all": {
              "DataTaxonomy": "Cisco Operatoins Data",
              "Deployment_stack": "green",
              "Environment": "performance",
              "Name": "Iaac-LACP-Mock-green-os",
              "ServiceName": "Security-stack"
            },
            "timeouts": null,
            "vpc": true
          },
          "sensitive_attributes": [],
          "private": "eyJlMmJmYjczMC1lY2FhLTExZTYtOGY4OC0zNDM2M2JjN2M0YzAiOnsiZGVsZXRlIjoxODAwMDAwMDAwMDAsInJlYWQiOjkwMDAwMDAwMDAwMCwidXBkYXRlIjozMDAwMDAwMDAwMDB9fQ=="
        },
        {
          "index_key": 1,
          "schema_version": 0,
          "attributes": {
            "address": null,
            "allocation_id": "eipalloc-0d8b4cf0b034b444d",
            "associate_with_private_ip": null,
            "association_id": "",
            "carrier_ip": "",
            "customer_owned_ip": "",
            "customer_owned_ipv4_pool": "",
            "domain": "vpc",
            "id": "eipalloc-0d8b4cf0b034b444d",
            "instance": "",
            "network_border_group": "ap-south-1",
            "network_interface": "",
            "private_dns": null,
            "private_ip": "",
            "public_dns": "ec2-3-6-80-238.ap-south-1.compute.amazonaws.com",
            "public_ip": "3.6.80.238",
            "public_ipv4_pool": "amazon",
            "tags": {
              "DataTaxonomy": "Cisco Operatoins Data",
              "Deployment_stack": "green",
              "Environment": "performance",
              "Name": "Iaac-LACP-Mock-green-os",
              "ServiceName": "Security-stack"
            },
            "tags_all": {
              "DataTaxonomy": "Cisco Operatoins Data",
              "Deployment_stack": "green",
              "Environment": "performance",
              "Name": "Iaac-LACP-Mock-green-os",
              "ServiceName": "Security-stack"
            },
            "timeouts": null,
            "vpc": true
          },
          "sensitive_attributes": [],
          "private": "eyJlMmJmYjczMC1lY2FhLTExZTYtOGY4OC0zNDM2M2JjN2M0YzAiOnsiZGVsZXRlIjoxODAwMDAwMDAwMDAsInJlYWQiOjkwMDAwMDAwMDAwMCwidXBkYXRlIjozMDAwMDAwMDAwMDB9fQ=="
        }
      ]
    },
    {
      "module": "module.vpc",
      "mode": "managed",
      "type": "aws_internet_gateway",
      "name": "this",
      "provider": "provider[\"registry.terraform.io/hashicorp/aws\"]",
      "instances": [
        {
          "index_key": 0,
          "schema_version": 0,
          "attributes": {
            "arn": "arn:aws:ec2:ap-south-1:383452002839:internet-gateway/igw-0f5c9a0107e7cae87",
            "id": "igw-0f5c9a0107e7cae87",
            "owner_id": "383452002839",
            "tags": {
              "DataTaxonomy": "Cisco Operatoins Data",
              "Deployment_stack": "green",
              "Environment": "performance",
              "Name": "Iaac-LACP-Mock-green-os",
              "ServiceName": "Security-stack"
            },
            "tags_all": {
              "DataTaxonomy": "Cisco Operatoins Data",
              "Deployment_stack": "green",
              "Environment": "performance",
              "Name": "Iaac-LACP-Mock-green-os",
              "ServiceName": "Security-stack"
            },
            "timeouts": null,
            "vpc_id": "vpc-04fa1ba4583cceef5"
          },
          "sensitive_attributes": [],
          "private": "eyJlMmJmYjczMC1lY2FhLTExZTYtOGY4OC0zNDM2M2JjN2M0YzAiOnsiY3JlYXRlIjoxMjAwMDAwMDAwMDAwLCJkZWxldGUiOjEyMDAwMDAwMDAwMDAsInVwZGF0ZSI6MTIwMDAwMDAwMDAwMH19",
          "dependencies": [
            "module.vpc.aws_vpc.this",
            "module.vpc.aws_vpc_ipv4_cidr_block_association.this"
          ]
        }
      ]
    },
    {
      "module": "module.vpc",
      "mode": "managed",
      "type": "aws_nat_gateway",
      "name": "this",
      "provider": "provider[\"registry.terraform.io/hashicorp/aws\"]",
      "instances": [
        {
          "index_key": 0,
          "schema_version": 0,
          "attributes": {
            "allocation_id": "eipalloc-0b91edc36225525cd",
            "connectivity_type": "public",
            "id": "nat-0b9322bdcd6393c29",
            "network_interface_id": "eni-02bdbfbc39e000f2b",
            "private_ip": "10.0.101.105",
            "public_ip": "43.204.7.159",
            "subnet_id": "subnet-06470332b574f0f8f",
            "tags": {
              "DataTaxonomy": "Cisco Operatoins Data",
              "Deployment_stack": "green",
              "Environment": "performance",
              "Name": "Iaac-LACP-Mock-green-os",
              "ServiceName": "Security-stack"
            },
            "tags_all": {
              "DataTaxonomy": "Cisco Operatoins Data",
              "Deployment_stack": "green",
              "Environment": "performance",
              "Name": "Iaac-LACP-Mock-green-os",
              "ServiceName": "Security-stack"
            }
          },
          "sensitive_attributes": [],
          "private": "bnVsbA==",
          "dependencies": [
            "module.vpc.aws_eip.nat",
            "module.vpc.aws_internet_gateway.this",
            "module.vpc.aws_subnet.public",
            "module.vpc.aws_vpc.this",
            "module.vpc.aws_vpc_ipv4_cidr_block_association.this"
          ]
        },
        {
          "index_key": 1,
          "schema_version": 0,
          "attributes": {
            "allocation_id": "eipalloc-0d8b4cf0b034b444d",
            "connectivity_type": "public",
            "id": "nat-018d28143c896fbe2",
            "network_interface_id": "eni-04b1b7d8a5de7e1ef",
            "private_ip": "10.0.102.150",
            "public_ip": "3.6.80.238",
            "subnet_id": "subnet-03c39a0266f3983e5",
            "tags": {
              "DataTaxonomy": "Cisco Operatoins Data",
              "Deployment_stack": "green",
              "Environment": "performance",
              "Name": "Iaac-LACP-Mock-green-os",
              "ServiceName": "Security-stack"
            },
            "tags_all": {
              "DataTaxonomy": "Cisco Operatoins Data",
              "Deployment_stack": "green",
              "Environment": "performance",
              "Name": "Iaac-LACP-Mock-green-os",
              "ServiceName": "Security-stack"
            }
          },
          "sensitive_attributes": [],
          "private": "bnVsbA==",
          "dependencies": [
            "module.vpc.aws_eip.nat",
            "module.vpc.aws_internet_gateway.this",
            "module.vpc.aws_subnet.public",
            "module.vpc.aws_vpc.this",
            "module.vpc.aws_vpc_ipv4_cidr_block_association.this"
          ]
        }
      ]
    },
    {
      "module": "module.vpc",
      "mode": "managed",
      "type": "aws_route",
      "name": "private_nat_gateway",
      "provider": "provider[\"registry.terraform.io/hashicorp/aws\"]",
      "instances": [
        {
          "index_key": 0,
          "schema_version": 0,
          "attributes": {
            "carrier_gateway_id": "",
            "core_network_arn": "",
            "destination_cidr_block": "0.0.0.0/0",
            "destination_ipv6_cidr_block": "",
            "destination_prefix_list_id": "",
            "egress_only_gateway_id": "",
            "gateway_id": "",
            "id": "r-rtb-099048663b21f181d1080289494",
            "instance_id": "",
            "instance_owner_id": "",
            "local_gateway_id": "",
            "nat_gateway_id": "nat-0b9322bdcd6393c29",
            "network_interface_id": "",
            "origin": "CreateRoute",
            "route_table_id": "rtb-099048663b21f181d",
            "state": "active",
            "timeouts": {
              "create": "5m",
              "delete": null,
              "update": null
            },
            "transit_gateway_id": "",
            "vpc_endpoint_id": "",
            "vpc_peering_connection_id": ""
          },
          "sensitive_attributes": [],
          "private": "eyJlMmJmYjczMC1lY2FhLTExZTYtOGY4OC0zNDM2M2JjN2M0YzAiOnsiY3JlYXRlIjozMDAwMDAwMDAwMDAsImRlbGV0ZSI6MzAwMDAwMDAwMDAwLCJ1cGRhdGUiOjEyMDAwMDAwMDAwMH19",
          "dependencies": [
            "module.vpc.aws_eip.nat",
            "module.vpc.aws_internet_gateway.this",
            "module.vpc.aws_nat_gateway.this",
            "module.vpc.aws_route_table.private",
            "module.vpc.aws_subnet.public",
            "module.vpc.aws_vpc.this",
            "module.vpc.aws_vpc_ipv4_cidr_block_association.this"
          ]
        },
        {
          "index_key": 1,
          "schema_version": 0,
          "attributes": {
            "carrier_gateway_id": "",
            "core_network_arn": "",
            "destination_cidr_block": "0.0.0.0/0",
            "destination_ipv6_cidr_block": "",
            "destination_prefix_list_id": "",
            "egress_only_gateway_id": "",
            "gateway_id": "",
            "id": "r-rtb-09bd5165ad023cc9c1080289494",
            "instance_id": "",
            "instance_owner_id": "",
            "local_gateway_id": "",
            "nat_gateway_id": "nat-018d28143c896fbe2",
            "network_interface_id": "",
            "origin": "CreateRoute",
            "route_table_id": "rtb-09bd5165ad023cc9c",
            "state": "active",
            "timeouts": {
              "create": "5m",
              "delete": null,
              "update": null
            },
            "transit_gateway_id": "",
            "vpc_endpoint_id": "",
            "vpc_peering_connection_id": ""
          },
          "sensitive_attributes": [],
          "private": "eyJlMmJmYjczMC1lY2FhLTExZTYtOGY4OC0zNDM2M2JjN2M0YzAiOnsiY3JlYXRlIjozMDAwMDAwMDAwMDAsImRlbGV0ZSI6MzAwMDAwMDAwMDAwLCJ1cGRhdGUiOjEyMDAwMDAwMDAwMH19",
          "dependencies": [
            "module.vpc.aws_eip.nat",
            "module.vpc.aws_internet_gateway.this",
            "module.vpc.aws_nat_gateway.this",
            "module.vpc.aws_route_table.private",
            "module.vpc.aws_subnet.public",
            "module.vpc.aws_vpc.this",
            "module.vpc.aws_vpc_ipv4_cidr_block_association.this"
          ]
        }
      ]
    },
    {
      "module": "module.vpc",
      "mode": "managed",
      "type": "aws_route",
      "name": "public_internet_gateway",
      "provider": "provider[\"registry.terraform.io/hashicorp/aws\"]",
      "instances": [
        {
          "index_key": 0,
          "schema_version": 0,
          "attributes": {
            "carrier_gateway_id": "",
            "core_network_arn": "",
            "destination_cidr_block": "0.0.0.0/0",
            "destination_ipv6_cidr_block": "",
            "destination_prefix_list_id": "",
            "egress_only_gateway_id": "",
            "gateway_id": "igw-0f5c9a0107e7cae87",
            "id": "r-rtb-056180072d464e24e1080289494",
            "instance_id": "",
            "instance_owner_id": "",
            "local_gateway_id": "",
            "nat_gateway_id": "",
            "network_interface_id": "",
            "origin": "CreateRoute",
            "route_table_id": "rtb-056180072d464e24e",
            "state": "active",
            "timeouts": {
              "create": "5m",
              "delete": null,
              "update": null
            },
            "transit_gateway_id": "",
            "vpc_endpoint_id": "",
            "vpc_peering_connection_id": ""
          },
          "sensitive_attributes": [],
          "private": "eyJlMmJmYjczMC1lY2FhLTExZTYtOGY4OC0zNDM2M2JjN2M0YzAiOnsiY3JlYXRlIjozMDAwMDAwMDAwMDAsImRlbGV0ZSI6MzAwMDAwMDAwMDAwLCJ1cGRhdGUiOjEyMDAwMDAwMDAwMH19",
          "dependencies": [
            "module.vpc.aws_internet_gateway.this",
            "module.vpc.aws_route_table.public",
            "module.vpc.aws_vpc.this",
            "module.vpc.aws_vpc_ipv4_cidr_block_association.this"
          ]
        }
      ]
    },
    {
      "module": "module.vpc",
      "mode": "managed",
      "type": "aws_route_table",
      "name": "private",
      "provider": "provider[\"registry.terraform.io/hashicorp/aws\"]",
      "instances": [
        {
          "index_key": 0,
          "schema_version": 0,
          "attributes": {
            "arn": "arn:aws:ec2:ap-south-1:383452002839:route-table/rtb-099048663b21f181d",
            "id": "rtb-099048663b21f181d",
            "owner_id": "383452002839",
            "propagating_vgws": [],
            "route": [],
            "tags": {
              "DataTaxonomy": "Cisco Operatoins Data",
              "Deployment_stack": "green",
              "Environment": "performance",
              "Name": "Iaac-LACP-Mock-green-os",
              "ServiceName": "Security-stack"
            },
            "tags_all": {
              "DataTaxonomy": "Cisco Operatoins Data",
              "Deployment_stack": "green",
              "Environment": "performance",
              "Name": "Iaac-LACP-Mock-green-os",
              "ServiceName": "Security-stack"
            },
            "timeouts": null,
            "vpc_id": "vpc-04fa1ba4583cceef5"
          },
          "sensitive_attributes": [],
          "private": "eyJlMmJmYjczMC1lY2FhLTExZTYtOGY4OC0zNDM2M2JjN2M0YzAiOnsiY3JlYXRlIjozMDAwMDAwMDAwMDAsImRlbGV0ZSI6MzAwMDAwMDAwMDAwLCJ1cGRhdGUiOjEyMDAwMDAwMDAwMH19",
          "dependencies": [
            "module.vpc.aws_vpc.this",
            "module.vpc.aws_vpc_ipv4_cidr_block_association.this"
          ]
        },
        {
          "index_key": 1,
          "schema_version": 0,
          "attributes": {
            "arn": "arn:aws:ec2:ap-south-1:383452002839:route-table/rtb-09bd5165ad023cc9c",
            "id": "rtb-09bd5165ad023cc9c",
            "owner_id": "383452002839",
            "propagating_vgws": [],
            "route": [],
            "tags": {
              "DataTaxonomy": "Cisco Operatoins Data",
              "Deployment_stack": "green",
              "Environment": "performance",
              "Name": "Iaac-LACP-Mock-green-os",
              "ServiceName": "Security-stack"
            },
            "tags_all": {
              "DataTaxonomy": "Cisco Operatoins Data",
              "Deployment_stack": "green",
              "Environment": "performance",
              "Name": "Iaac-LACP-Mock-green-os",
              "ServiceName": "Security-stack"
            },
            "timeouts": null,
            "vpc_id": "vpc-04fa1ba4583cceef5"
          },
          "sensitive_attributes": [],
          "private": "eyJlMmJmYjczMC1lY2FhLTExZTYtOGY4OC0zNDM2M2JjN2M0YzAiOnsiY3JlYXRlIjozMDAwMDAwMDAwMDAsImRlbGV0ZSI6MzAwMDAwMDAwMDAwLCJ1cGRhdGUiOjEyMDAwMDAwMDAwMH19",
          "dependencies": [
            "module.vpc.aws_vpc.this",
            "module.vpc.aws_vpc_ipv4_cidr_block_association.this"
          ]
        }
      ]
    },
    {
      "module": "module.vpc",
      "mode": "managed",
      "type": "aws_route_table",
      "name": "public",
      "provider": "provider[\"registry.terraform.io/hashicorp/aws\"]",
      "instances": [
        {
          "index_key": 0,
          "schema_version": 0,
          "attributes": {
            "arn": "arn:aws:ec2:ap-south-1:383452002839:route-table/rtb-056180072d464e24e",
            "id": "rtb-056180072d464e24e",
            "owner_id": "383452002839",
            "propagating_vgws": [],
            "route": [],
            "tags": {
              "DataTaxonomy": "Cisco Operatoins Data",
              "Deployment_stack": "green",
              "Environment": "performance",
              "Name": "Iaac-LACP-Mock-green-os",
              "ServiceName": "Security-stack"
            },
            "tags_all": {
              "DataTaxonomy": "Cisco Operatoins Data",
              "Deployment_stack": "green",
              "Environment": "performance",
              "Name": "Iaac-LACP-Mock-green-os",
              "ServiceName": "Security-stack"
            },
            "timeouts": null,
            "vpc_id": "vpc-04fa1ba4583cceef5"
          },
          "sensitive_attributes": [],
          "private": "eyJlMmJmYjczMC1lY2FhLTExZTYtOGY4OC0zNDM2M2JjN2M0YzAiOnsiY3JlYXRlIjozMDAwMDAwMDAwMDAsImRlbGV0ZSI6MzAwMDAwMDAwMDAwLCJ1cGRhdGUiOjEyMDAwMDAwMDAwMH19",
          "dependencies": [
            "module.vpc.aws_vpc.this",
            "module.vpc.aws_vpc_ipv4_cidr_block_association.this"
          ]
        }
      ]
    },
    {
      "module": "module.vpc",
      "mode": "managed",
      "type": "aws_route_table_association",
      "name": "private",
      "provider": "provider[\"registry.terraform.io/hashicorp/aws\"]",
      "instances": [
        {
          "index_key": 0,
          "schema_version": 0,
          "attributes": {
            "gateway_id": "",
            "id": "rtbassoc-09fef3fefde104be3",
            "route_table_id": "rtb-099048663b21f181d",
            "subnet_id": "subnet-01a146dc1286f8629"
          },
          "sensitive_attributes": [],
          "private": "bnVsbA==",
          "dependencies": [
            "module.vpc.aws_route_table.private",
            "module.vpc.aws_subnet.private",
            "module.vpc.aws_vpc.this",
            "module.vpc.aws_vpc_ipv4_cidr_block_association.this"
          ]
        },
        {
          "index_key": 1,
          "schema_version": 0,
          "attributes": {
            "gateway_id": "",
            "id": "rtbassoc-0a6ff01974059bd55",
            "route_table_id": "rtb-09bd5165ad023cc9c",
            "subnet_id": "subnet-0cb68bbeac6dcfc58"
          },
          "sensitive_attributes": [],
          "private": "bnVsbA==",
          "dependencies": [
            "module.vpc.aws_route_table.private",
            "module.vpc.aws_subnet.private",
            "module.vpc.aws_vpc.this",
            "module.vpc.aws_vpc_ipv4_cidr_block_association.this"
          ]
        }
      ]
    },
    {
      "module": "module.vpc",
      "mode": "managed",
      "type": "aws_route_table_association",
      "name": "public",
      "provider": "provider[\"registry.terraform.io/hashicorp/aws\"]",
      "instances": [
        {
          "index_key": 0,
          "schema_version": 0,
          "attributes": {
            "gateway_id": "",
            "id": "rtbassoc-05672a7b0a72d87db",
            "route_table_id": "rtb-056180072d464e24e",
            "subnet_id": "subnet-06470332b574f0f8f"
          },
          "sensitive_attributes": [],
          "private": "bnVsbA==",
          "dependencies": [
            "module.vpc.aws_route_table.public",
            "module.vpc.aws_subnet.public",
            "module.vpc.aws_vpc.this",
            "module.vpc.aws_vpc_ipv4_cidr_block_association.this"
          ]
        },
        {
          "index_key": 1,
          "schema_version": 0,
          "attributes": {
            "gateway_id": "",
            "id": "rtbassoc-0feab7e4e694a8978",
            "route_table_id": "rtb-056180072d464e24e",
            "subnet_id": "subnet-03c39a0266f3983e5"
          },
          "sensitive_attributes": [],
          "private": "bnVsbA==",
          "dependencies": [
            "module.vpc.aws_route_table.public",
            "module.vpc.aws_subnet.public",
            "module.vpc.aws_vpc.this",
            "module.vpc.aws_vpc_ipv4_cidr_block_association.this"
          ]
        }
      ]
    },
    {
      "module": "module.vpc",
      "mode": "managed",
      "type": "aws_subnet",
      "name": "private",
      "provider": "provider[\"registry.terraform.io/hashicorp/aws\"]",
      "instances": [
        {
          "index_key": 0,
          "schema_version": 1,
          "attributes": {
            "arn": "arn:aws:ec2:ap-south-1:383452002839:subnet/subnet-01a146dc1286f8629",
            "assign_ipv6_address_on_creation": false,
            "availability_zone": "ap-south-1a",
            "availability_zone_id": "aps1-az1",
            "cidr_block": "10.0.1.0/24",
            "customer_owned_ipv4_pool": "",
            "enable_dns64": false,
            "enable_resource_name_dns_a_record_on_launch": false,
            "enable_resource_name_dns_aaaa_record_on_launch": false,
            "id": "subnet-01a146dc1286f8629",
            "ipv6_cidr_block": "",
            "ipv6_cidr_block_association_id": "",
            "ipv6_native": false,
            "map_customer_owned_ip_on_launch": false,
            "map_public_ip_on_launch": false,
            "outpost_arn": "",
            "owner_id": "383452002839",
            "private_dns_hostname_type_on_launch": "ip-name",
            "tags": {
              "DataTaxonomy": "Cisco Operatoins Data",
              "Deployment_stack": "green",
              "Environment": "performance",
              "Name": "Iaac-LACP-Mock-green-os",
              "ServiceName": "Security-stack"
            },
            "tags_all": {
              "DataTaxonomy": "Cisco Operatoins Data",
              "Deployment_stack": "green",
              "Environment": "performance",
              "Name": "Iaac-LACP-Mock-green-os",
              "ServiceName": "Security-stack"
            },
            "timeouts": null,
            "vpc_id": "vpc-04fa1ba4583cceef5"
          },
          "sensitive_attributes": [],
          "private": "eyJlMmJmYjczMC1lY2FhLTExZTYtOGY4OC0zNDM2M2JjN2M0YzAiOnsiY3JlYXRlIjo2MDAwMDAwMDAwMDAsImRlbGV0ZSI6MTIwMDAwMDAwMDAwMH0sInNjaGVtYV92ZXJzaW9uIjoiMSJ9",
          "dependencies": [
            "module.vpc.aws_vpc.this",
            "module.vpc.aws_vpc_ipv4_cidr_block_association.this"
          ]
        },
        {
          "index_key": 1,
          "schema_version": 1,
          "attributes": {
            "arn": "arn:aws:ec2:ap-south-1:383452002839:subnet/subnet-0cb68bbeac6dcfc58",
            "assign_ipv6_address_on_creation": false,
            "availability_zone": "ap-south-1b",
            "availability_zone_id": "aps1-az3",
            "cidr_block": "10.0.2.0/24",
            "customer_owned_ipv4_pool": "",
            "enable_dns64": false,
            "enable_resource_name_dns_a_record_on_launch": false,
            "enable_resource_name_dns_aaaa_record_on_launch": false,
            "id": "subnet-0cb68bbeac6dcfc58",
            "ipv6_cidr_block": "",
            "ipv6_cidr_block_association_id": "",
            "ipv6_native": false,
            "map_customer_owned_ip_on_launch": false,
            "map_public_ip_on_launch": false,
            "outpost_arn": "",
            "owner_id": "383452002839",
            "private_dns_hostname_type_on_launch": "ip-name",
            "tags": {
              "DataTaxonomy": "Cisco Operatoins Data",
              "Deployment_stack": "green",
              "Environment": "performance",
              "Name": "Iaac-LACP-Mock-green-os",
              "ServiceName": "Security-stack"
            },
            "tags_all": {
              "DataTaxonomy": "Cisco Operatoins Data",
              "Deployment_stack": "green",
              "Environment": "performance",
              "Name": "Iaac-LACP-Mock-green-os",
              "ServiceName": "Security-stack"
            },
            "timeouts": null,
            "vpc_id": "vpc-04fa1ba4583cceef5"
          },
          "sensitive_attributes": [],
          "private": "eyJlMmJmYjczMC1lY2FhLTExZTYtOGY4OC0zNDM2M2JjN2M0YzAiOnsiY3JlYXRlIjo2MDAwMDAwMDAwMDAsImRlbGV0ZSI6MTIwMDAwMDAwMDAwMH0sInNjaGVtYV92ZXJzaW9uIjoiMSJ9",
          "dependencies": [
            "module.vpc.aws_vpc.this",
            "module.vpc.aws_vpc_ipv4_cidr_block_association.this"
          ]
        }
      ]
    },
    {
      "module": "module.vpc",
      "mode": "managed",
      "type": "aws_subnet",
      "name": "public",
      "provider": "provider[\"registry.terraform.io/hashicorp/aws\"]",
      "instances": [
        {
          "index_key": 0,
          "schema_version": 1,
          "attributes": {
            "arn": "arn:aws:ec2:ap-south-1:383452002839:subnet/subnet-06470332b574f0f8f",
            "assign_ipv6_address_on_creation": false,
            "availability_zone": "ap-south-1a",
            "availability_zone_id": "aps1-az1",
            "cidr_block": "10.0.101.0/24",
            "customer_owned_ipv4_pool": "",
            "enable_dns64": false,
            "enable_resource_name_dns_a_record_on_launch": false,
            "enable_resource_name_dns_aaaa_record_on_launch": false,
            "id": "subnet-06470332b574f0f8f",
            "ipv6_cidr_block": "",
            "ipv6_cidr_block_association_id": "",
            "ipv6_native": false,
            "map_customer_owned_ip_on_launch": false,
            "map_public_ip_on_launch": true,
            "outpost_arn": "",
            "owner_id": "383452002839",
            "private_dns_hostname_type_on_launch": "ip-name",
            "tags": {
              "DataTaxonomy": "Cisco Operatoins Data",
              "Deployment_stack": "green",
              "Environment": "performance",
              "Name": "Iaac-LACP-Mock-green-os",
              "ServiceName": "Security-stack"
            },
            "tags_all": {
              "DataTaxonomy": "Cisco Operatoins Data",
              "Deployment_stack": "green",
              "Environment": "performance",
              "Name": "Iaac-LACP-Mock-green-os",
              "ServiceName": "Security-stack"
            },
            "timeouts": null,
            "vpc_id": "vpc-04fa1ba4583cceef5"
          },
          "sensitive_attributes": [],
          "private": "eyJlMmJmYjczMC1lY2FhLTExZTYtOGY4OC0zNDM2M2JjN2M0YzAiOnsiY3JlYXRlIjo2MDAwMDAwMDAwMDAsImRlbGV0ZSI6MTIwMDAwMDAwMDAwMH0sInNjaGVtYV92ZXJzaW9uIjoiMSJ9",
          "dependencies": [
            "module.vpc.aws_vpc.this",
            "module.vpc.aws_vpc_ipv4_cidr_block_association.this"
          ]
        },
        {
          "index_key": 1,
          "schema_version": 1,
          "attributes": {
            "arn": "arn:aws:ec2:ap-south-1:383452002839:subnet/subnet-03c39a0266f3983e5",
            "assign_ipv6_address_on_creation": false,
            "availability_zone": "ap-south-1b",
            "availability_zone_id": "aps1-az3",
            "cidr_block": "10.0.102.0/24",
            "customer_owned_ipv4_pool": "",
            "enable_dns64": false,
            "enable_resource_name_dns_a_record_on_launch": false,
            "enable_resource_name_dns_aaaa_record_on_launch": false,
            "id": "subnet-03c39a0266f3983e5",
            "ipv6_cidr_block": "",
            "ipv6_cidr_block_association_id": "",
            "ipv6_native": false,
            "map_customer_owned_ip_on_launch": false,
            "map_public_ip_on_launch": true,
            "outpost_arn": "",
            "owner_id": "383452002839",
            "private_dns_hostname_type_on_launch": "ip-name",
            "tags": {
              "DataTaxonomy": "Cisco Operatoins Data",
              "Deployment_stack": "green",
              "Environment": "performance",
              "Name": "Iaac-LACP-Mock-green-os",
              "ServiceName": "Security-stack"
            },
            "tags_all": {
              "DataTaxonomy": "Cisco Operatoins Data",
              "Deployment_stack": "green",
              "Environment": "performance",
              "Name": "Iaac-LACP-Mock-green-os",
              "ServiceName": "Security-stack"
            },
            "timeouts": null,
            "vpc_id": "vpc-04fa1ba4583cceef5"
          },
          "sensitive_attributes": [],
          "private": "eyJlMmJmYjczMC1lY2FhLTExZTYtOGY4OC0zNDM2M2JjN2M0YzAiOnsiY3JlYXRlIjo2MDAwMDAwMDAwMDAsImRlbGV0ZSI6MTIwMDAwMDAwMDAwMH0sInNjaGVtYV92ZXJzaW9uIjoiMSJ9",
          "dependencies": [
            "module.vpc.aws_vpc.this",
            "module.vpc.aws_vpc_ipv4_cidr_block_association.this"
          ]
        }
      ]
    },
    {
      "module": "module.vpc",
      "mode": "managed",
      "type": "aws_vpc",
      "name": "this",
      "provider": "provider[\"registry.terraform.io/hashicorp/aws\"]",
      "instances": [
        {
          "index_key": 0,
          "schema_version": 1,
          "attributes": {
            "arn": "arn:aws:ec2:ap-south-1:383452002839:vpc/vpc-04fa1ba4583cceef5",
            "assign_generated_ipv6_cidr_block": false,
            "cidr_block": "10.0.0.0/16",
            "default_network_acl_id": "acl-080f966290dd6ac2c",
            "default_route_table_id": "rtb-045baca0add88ce8e",
            "default_security_group_id": "sg-09bba46113c46e431",
            "dhcp_options_id": "dopt-03a4e932353de8957",
            "enable_classiclink": false,
            "enable_classiclink_dns_support": false,
            "enable_dns_hostnames": true,
            "enable_dns_support": true,
            "enable_network_address_usage_metrics": false,
            "id": "vpc-04fa1ba4583cceef5",
            "instance_tenancy": "default",
            "ipv4_ipam_pool_id": null,
            "ipv4_netmask_length": null,
            "ipv6_association_id": "",
            "ipv6_cidr_block": "",
            "ipv6_cidr_block_network_border_group": "",
            "ipv6_ipam_pool_id": "",
            "ipv6_netmask_length": 0,
            "main_route_table_id": "rtb-045baca0add88ce8e",
            "owner_id": "383452002839",
            "tags": {
              "DataTaxonomy": "Cisco Operatoins Data",
              "Deployment_stack": "green",
              "Environment": "performance",
              "Name": "Iaac-LACP-Mock-green-os",
              "ServiceName": "Security-stack"
            },
            "tags_all": {
              "DataTaxonomy": "Cisco Operatoins Data",
              "Deployment_stack": "green",
              "Environment": "performance",
              "Name": "Iaac-LACP-Mock-green-os",
              "ServiceName": "Security-stack"
            }
          },
          "sensitive_attributes": [],
          "private": "eyJzY2hlbWFfdmVyc2lvbiI6IjEifQ==",
          "create_before_destroy": true
        }
      ]
    },
    {
      "module": "module.vpc",
      "mode": "managed",
      "type": "aws_vpn_gateway",
      "name": "this",
      "provider": "provider[\"registry.terraform.io/hashicorp/aws\"]",
      "instances": [
        {
          "index_key": 0,
          "schema_version": 0,
          "attributes": {
            "amazon_side_asn": "64512",
            "arn": "arn:aws:ec2:ap-south-1:383452002839:vpn-gateway/vgw-0fa7fa5b73d756a6f",
            "availability_zone": null,
            "id": "vgw-0fa7fa5b73d756a6f",
            "tags": {
              "DataTaxonomy": "Cisco Operatoins Data",
              "Deployment_stack": "green",
              "Environment": "performance",
              "Name": "Iaac-LACP-Mock-green-os",
              "ServiceName": "Security-stack"
            },
            "tags_all": {
              "DataTaxonomy": "Cisco Operatoins Data",
              "Deployment_stack": "green",
              "Environment": "performance",
              "Name": "Iaac-LACP-Mock-green-os",
              "ServiceName": "Security-stack"
            },
            "vpc_id": "vpc-04fa1ba4583cceef5"
          },
          "sensitive_attributes": [],
          "private": "bnVsbA==",
          "dependencies": [
            "module.vpc.aws_vpc.this",
            "module.vpc.aws_vpc_ipv4_cidr_block_association.this"
          ]
        }
      ]
    }
  ]
}
