{
  "version": 4,
  "terraform_version": "1.2.4",
  "serial": 314,
  "lineage": "d59f5ee3-a753-ffa9-3192-16b93713b698",
  "outputs": {},
  "resources": [
    {
      "module": "module.vpc",
      "mode": "managed",
      "type": "aws_subnet",
      "name": "private",
      "provider": "provider[\"registry.terraform.io/hashicorp/aws\"]",
      "instances": [
        {
          "index_key": 0,
          "schema_version": 1,
          "attributes": {
            "arn": "arn:aws:ec2:ap-south-1:383452002839:subnet/subnet-01a146dc1286f8629",
            "assign_ipv6_address_on_creation": false,
            "availability_zone": "ap-south-1a",
            "availability_zone_id": "aps1-az1",
            "cidr_block": "10.0.1.0/24",
            "customer_owned_ipv4_pool": "",
            "enable_dns64": false,
            "enable_resource_name_dns_a_record_on_launch": false,
            "enable_resource_name_dns_aaaa_record_on_launch": false,
            "id": "subnet-01a146dc1286f8629",
            "ipv6_cidr_block": "",
            "ipv6_cidr_block_association_id": "",
            "ipv6_native": false,
            "map_customer_owned_ip_on_launch": false,
            "map_public_ip_on_launch": false,
            "outpost_arn": "",
            "owner_id": "383452002839",
            "private_dns_hostname_type_on_launch": "ip-name",
            "tags": {
              "DataTaxonomy": "Cisco Operatoins Data",
              "Deployment_stack": "green",
              "Environment": "performance",
              "Name": "Iaac-LACP-Mock-green-os",
              "ServiceName": "Security-stack"
            },
            "tags_all": {
              "DataTaxonomy": "Cisco Operatoins Data",
              "Deployment_stack": "green",
              "Environment": "performance",
              "Name": "Iaac-LACP-Mock-green-os",
              "ServiceName": "Security-stack"
            },
            "timeouts": null,
            "vpc_id": "vpc-04fa1ba4583cceef5"
          },
          "sensitive_attributes": [],
          "private": "eyJlMmJmYjczMC1lY2FhLTExZTYtOGY4OC0zNDM2M2JjN2M0YzAiOnsiY3JlYXRlIjo2MDAwMDAwMDAwMDAsImRlbGV0ZSI6MTIwMDAwMDAwMDAwMH0sInNjaGVtYV92ZXJzaW9uIjoiMSJ9",
          "dependencies": [
            "module.vpc.aws_vpc.this",
            "module.vpc.aws_vpc_ipv4_cidr_block_association.this"
          ]
        }
      ]
    },
    {
      "module": "module.vpc",
      "mode": "managed",
      "type": "aws_vpc",
      "name": "this",
      "provider": "provider[\"registry.terraform.io/hashicorp/aws\"]",
      "instances": [
        {
          "index_key": 0,
          "schema_version": 1,
          "attributes": {
            "arn": "arn:aws:ec2:ap-south-1:383452002839:vpc/vpc-04fa1ba4583cceef5",
            "assign_generated_ipv6_cidr_block": false,
            "cidr_block": "10.0.0.0/16",
            "default_network_acl_id": "acl-080f966290dd6ac2c",
            "default_route_table_id": "rtb-045baca0add88ce8e",
            "default_security_group_id": "sg-09bba46113c46e431",
            "dhcp_options_id": "dopt-03a4e932353de8957",
            "enable_classiclink": false,
            "enable_classiclink_dns_support": false,
            "enable_dns_hostnames": true,
            "enable_dns_support": true,
            "enable_network_address_usage_metrics": false,
            "id": "vpc-04fa1ba4583cceef5",
            "instance_tenancy": "default",
            "ipv4_ipam_pool_id": null,
            "ipv4_netmask_length": null,
            "ipv6_association_id": "",
            "ipv6_cidr_block": "",
            "ipv6_cidr_block_network_border_group": "",
            "ipv6_ipam_pool_id": "",
            "ipv6_netmask_length": 0,
            "main_route_table_id": "rtb-045baca0add88ce8e",
            "owner_id": "383452002839",
            "tags": {
              "DataTaxonomy": "Cisco Operatoins Data",
              "Deployment_stack": "green",
              "Environment": "performance",
              "Name": "Iaac-LACP-Mock-green-os",
              "ServiceName": "Security-stack"
            },
            "tags_all": {
              "DataTaxonomy": "Cisco Operatoins Data",
              "Deployment_stack": "green",
              "Environment": "performance",
              "Name": "Iaac-LACP-Mock-green-os",
              "ServiceName": "Security-stack"
            }
          },
          "sensitive_attributes": [],
          "private": "eyJzY2hlbWFfdmVyc2lvbiI6IjEifQ==",
          "create_before_destroy": true
        }
      ]
    }
  ]
}
